// !$*UTF8*$!
{
	archiveVersion = 1;
	classes = {
	};
	objectVersion = 77;
	objects = {

/* Begin PBXBuildFile section */
		35705F9B2CA7291300A23889 /* PostHog in Frameworks */ = {isa = PBXBuildFile; productRef = 35705F9A2CA7291300A23889 /* PostHog */; };
		35705F9E2CA7292C00A23889 /* GoogleSignIn in Frameworks */ = {isa = PBXBuildFile; productRef = 35705F9D2CA7292C00A23889 /* GoogleSignIn */; };
		35705FA02CA7292C00A23889 /* GoogleSignInSwift in Frameworks */ = {isa = PBXBuildFile; productRef = 35705F9F2CA7292C00A23889 /* GoogleSignInSwift */; };
		35705FA32CA7296C00A23889 /* FirebaseAnalytics in Frameworks */ = {isa = PBXBuildFile; productRef = 35705FA22CA7296B00A23889 /* FirebaseAnalytics */; };
		35705FA52CA7296C00A23889 /* FirebaseAuth in Frameworks */ = {isa = PBXBuildFile; productRef = 35705FA42CA7296C00A23889 /* FirebaseAuth */; };
		35705FA72CA7296C00A23889 /* FirebaseFirestore in Frameworks */ = {isa = PBXBuildFile; productRef = 35705FA62CA7296C00A23889 /* FirebaseFirestore */; };
		35C53AF12CBB7B2900D760AC /* FirebaseStorage in Frameworks */ = {isa = PBXBuildFile; productRef = 35C53AF02CBB7B2900D760AC /* FirebaseStorage */; };
		35C634DE2CD553AB00E9E0D9 /* CodableExtensions in Frameworks */ = {isa = PBXBuildFile; productRef = 35C634DD2CD553AB00E9E0D9 /* CodableExtensions */; };
		63FC70242CADFD7000989F18 /* CachedAsyncImage in Frameworks */ = {isa = PBXBuildFile; productRef = 63FC70232CADFD7000989F18 /* CachedAsyncImage */; };
/* End PBXBuildFile section */

/* Begin PBXContainerItemProxy section */
		35705F0D2CA7289C00A23889 /* PBXContainerItemProxy */ = {
			isa = PBXContainerItemProxy;
			containerPortal = 35705EF42CA7289A00A23889 /* Project object */;
			proxyType = 1;
			remoteGlobalIDString = 35705EFB2CA7289A00A23889;
			remoteInfo = MeetRio;
		};
		35705F172CA7289C00A23889 /* PBXContainerItemProxy */ = {
			isa = PBXContainerItemProxy;
			containerPortal = 35705EF42CA7289A00A23889 /* Project object */;
			proxyType = 1;
			remoteGlobalIDString = 35705EFB2CA7289A00A23889;
			remoteInfo = MeetRio;
		};
/* End PBXContainerItemProxy section */

/* Begin PBXFileReference section */
		35705EFC2CA7289A00A23889 /* MeetRio.app */ = {isa = PBXFileReference; explicitFileType = wrapper.application; includeInIndex = 0; path = MeetRio.app; sourceTree = BUILT_PRODUCTS_DIR; };
		35705F0C2CA7289C00A23889 /* MeetRioTests.xctest */ = {isa = PBXFileReference; explicitFileType = wrapper.cfbundle; includeInIndex = 0; path = MeetRioTests.xctest; sourceTree = BUILT_PRODUCTS_DIR; };
		35705F162CA7289C00A23889 /* MeetRioUITests.xctest */ = {isa = PBXFileReference; explicitFileType = wrapper.cfbundle; includeInIndex = 0; path = MeetRioUITests.xctest; sourceTree = BUILT_PRODUCTS_DIR; };
/* End PBXFileReference section */

/* Begin PBXFileSystemSynchronizedBuildFileExceptionSet section */
		35705FA92CA72A1E00A23889 /* Exceptions for "MeetRio" folder in "MeetRio" target */ = {
			isa = PBXFileSystemSynchronizedBuildFileExceptionSet;
			membershipExceptions = (
				Info.plist,
			);
			target = 35705EFB2CA7289A00A23889 /* MeetRio */;
		};
/* End PBXFileSystemSynchronizedBuildFileExceptionSet section */

/* Begin PBXFileSystemSynchronizedRootGroup section */
		35705EFE2CA7289A00A23889 /* MeetRio */ = {
			isa = PBXFileSystemSynchronizedRootGroup;
			exceptions = (
				35705FA92CA72A1E00A23889 /* Exceptions for "MeetRio" folder in "MeetRio" target */,
			);
			path = MeetRio;
			sourceTree = "<group>";
		};
		35705F0F2CA7289C00A23889 /* MeetRioTests */ = {
			isa = PBXFileSystemSynchronizedRootGroup;
			path = MeetRioTests;
			sourceTree = "<group>";
		};
		35705F192CA7289C00A23889 /* MeetRioUITests */ = {
			isa = PBXFileSystemSynchronizedRootGroup;
			path = MeetRioUITests;
			sourceTree = "<group>";
		};
/* End PBXFileSystemSynchronizedRootGroup section */

/* Begin PBXFrameworksBuildPhase section */
		35705EF92CA7289A00A23889 /* Frameworks */ = {
			isa = PBXFrameworksBuildPhase;
			buildActionMask = 2147483647;
			files = (
				35705FA02CA7292C00A23889 /* GoogleSignInSwift in Frameworks */,
				35705FA52CA7296C00A23889 /* FirebaseAuth in Frameworks */,
				35705F9B2CA7291300A23889 /* PostHog in Frameworks */,
				35705FA32CA7296C00A23889 /* FirebaseAnalytics in Frameworks */,
				63FC70242CADFD7000989F18 /* CachedAsyncImage in Frameworks */,
				35C53AF12CBB7B2900D760AC /* FirebaseStorage in Frameworks */,
				35C634DE2CD553AB00E9E0D9 /* CodableExtensions in Frameworks */,
				35705F9E2CA7292C00A23889 /* GoogleSignIn in Frameworks */,
				35705FA72CA7296C00A23889 /* FirebaseFirestore in Frameworks */,
			);
			runOnlyForDeploymentPostprocessing = 0;
		};
		35705F092CA7289C00A23889 /* Frameworks */ = {
			isa = PBXFrameworksBuildPhase;
			buildActionMask = 2147483647;
			files = (
			);
			runOnlyForDeploymentPostprocessing = 0;
		};
		35705F132CA7289C00A23889 /* Frameworks */ = {
			isa = PBXFrameworksBuildPhase;
			buildActionMask = 2147483647;
			files = (
			);
			runOnlyForDeploymentPostprocessing = 0;
		};
/* End PBXFrameworksBuildPhase section */

/* Begin PBXGroup section */
		35705EF32CA7289A00A23889 = {
			isa = PBXGroup;
			children = (
				35705EFE2CA7289A00A23889 /* MeetRio */,
				35705F0F2CA7289C00A23889 /* MeetRioTests */,
				35705F192CA7289C00A23889 /* MeetRioUITests */,
				35C53AEF2CBB7B2900D760AC /* Frameworks */,
				35705EFD2CA7289A00A23889 /* Products */,
			);
			sourceTree = "<group>";
		};
		35705EFD2CA7289A00A23889 /* Products */ = {
			isa = PBXGroup;
			children = (
				35705EFC2CA7289A00A23889 /* MeetRio.app */,
				35705F0C2CA7289C00A23889 /* MeetRioTests.xctest */,
				35705F162CA7289C00A23889 /* MeetRioUITests.xctest */,
			);
			name = Products;
			sourceTree = "<group>";
		};
		35C53AEF2CBB7B2900D760AC /* Frameworks */ = {
			isa = PBXGroup;
			children = (
			);
			name = Frameworks;
			sourceTree = "<group>";
		};
/* End PBXGroup section */

/* Begin PBXNativeTarget section */
		35705EFB2CA7289A00A23889 /* MeetRio */ = {
			isa = PBXNativeTarget;
			buildConfigurationList = 35705F202CA7289C00A23889 /* Build configuration list for PBXNativeTarget "MeetRio" */;
			buildPhases = (
				35705EF82CA7289A00A23889 /* Sources */,
				35705EF92CA7289A00A23889 /* Frameworks */,
				35705EFA2CA7289A00A23889 /* Resources */,
			);
			buildRules = (
			);
			dependencies = (
			);
			fileSystemSynchronizedGroups = (
				35705EFE2CA7289A00A23889 /* MeetRio */,
			);
			name = MeetRio;
			packageProductDependencies = (
				35705F9A2CA7291300A23889 /* PostHog */,
				35705F9D2CA7292C00A23889 /* GoogleSignIn */,
				35705F9F2CA7292C00A23889 /* GoogleSignInSwift */,
				35705FA22CA7296B00A23889 /* FirebaseAnalytics */,
				35705FA42CA7296C00A23889 /* FirebaseAuth */,
				35705FA62CA7296C00A23889 /* FirebaseFirestore */,
				63FC70232CADFD7000989F18 /* CachedAsyncImage */,
				35C53AF02CBB7B2900D760AC /* FirebaseStorage */,
				35C634DD2CD553AB00E9E0D9 /* CodableExtensions */,
			);
			productName = MeetRio;
			productReference = 35705EFC2CA7289A00A23889 /* MeetRio.app */;
			productType = "com.apple.product-type.application";
		};
		35705F0B2CA7289C00A23889 /* MeetRioTests */ = {
			isa = PBXNativeTarget;
			buildConfigurationList = 35705F232CA7289C00A23889 /* Build configuration list for PBXNativeTarget "MeetRioTests" */;
			buildPhases = (
				35705F082CA7289C00A23889 /* Sources */,
				35705F092CA7289C00A23889 /* Frameworks */,
				35705F0A2CA7289C00A23889 /* Resources */,
			);
			buildRules = (
			);
			dependencies = (
				35705F0E2CA7289C00A23889 /* PBXTargetDependency */,
			);
			fileSystemSynchronizedGroups = (
				35705F0F2CA7289C00A23889 /* MeetRioTests */,
			);
			name = MeetRioTests;
			packageProductDependencies = (
			);
			productName = MeetRioTests;
			productReference = 35705F0C2CA7289C00A23889 /* MeetRioTests.xctest */;
			productType = "com.apple.product-type.bundle.unit-test";
		};
		35705F152CA7289C00A23889 /* MeetRioUITests */ = {
			isa = PBXNativeTarget;
			buildConfigurationList = 35705F262CA7289C00A23889 /* Build configuration list for PBXNativeTarget "MeetRioUITests" */;
			buildPhases = (
				35705F122CA7289C00A23889 /* Sources */,
				35705F132CA7289C00A23889 /* Frameworks */,
				35705F142CA7289C00A23889 /* Resources */,
			);
			buildRules = (
			);
			dependencies = (
				35705F182CA7289C00A23889 /* PBXTargetDependency */,
			);
			fileSystemSynchronizedGroups = (
				35705F192CA7289C00A23889 /* MeetRioUITests */,
			);
			name = MeetRioUITests;
			packageProductDependencies = (
			);
			productName = MeetRioUITests;
			productReference = 35705F162CA7289C00A23889 /* MeetRioUITests.xctest */;
			productType = "com.apple.product-type.bundle.ui-testing";
		};
/* End PBXNativeTarget section */

/* Begin PBXProject section */
		35705EF42CA7289A00A23889 /* Project object */ = {
			isa = PBXProject;
			attributes = {
				BuildIndependentTargetsInParallel = 1;
				LastSwiftUpdateCheck = 1600;
				LastUpgradeCheck = 1600;
				TargetAttributes = {
					35705EFB2CA7289A00A23889 = {
						CreatedOnToolsVersion = 16.0;
					};
					35705F0B2CA7289C00A23889 = {
						CreatedOnToolsVersion = 16.0;
						TestTargetID = 35705EFB2CA7289A00A23889;
					};
					35705F152CA7289C00A23889 = {
						CreatedOnToolsVersion = 16.0;
						TestTargetID = 35705EFB2CA7289A00A23889;
					};
				};
			};
			buildConfigurationList = 35705EF72CA7289A00A23889 /* Build configuration list for PBXProject "MeetRio" */;
			developmentRegion = en;
			hasScannedForEncodings = 0;
			knownRegions = (
				en,
				Base,
			);
			mainGroup = 35705EF32CA7289A00A23889;
			minimizedProjectReferenceProxies = 1;
			packageReferences = (
				35705F992CA7291300A23889 /* XCRemoteSwiftPackageReference "posthog-ios" */,
				35705F9C2CA7292C00A23889 /* XCRemoteSwiftPackageReference "GoogleSignIn-iOS" */,
				35705FA12CA7296B00A23889 /* XCRemoteSwiftPackageReference "firebase-ios-sdk" */,
				63FC70222CADFD7000989F18 /* XCRemoteSwiftPackageReference "swiftui-cached-async-image" */,
				35C634DC2CD553AB00E9E0D9 /* XCRemoteSwiftPackageReference "CodableExtensions" */,
			);
			preferredProjectObjectVersion = 77;
			productRefGroup = 35705EFD2CA7289A00A23889 /* Products */;
			projectDirPath = "";
			projectRoot = "";
			targets = (
				35705EFB2CA7289A00A23889 /* MeetRio */,
				35705F0B2CA7289C00A23889 /* MeetRioTests */,
				35705F152CA7289C00A23889 /* MeetRioUITests */,
			);
		};
/* End PBXProject section */

/* Begin PBXResourcesBuildPhase section */
		35705EFA2CA7289A00A23889 /* Resources */ = {
			isa = PBXResourcesBuildPhase;
			buildActionMask = 2147483647;
			files = (
			);
			runOnlyForDeploymentPostprocessing = 0;
		};
		35705F0A2CA7289C00A23889 /* Resources */ = {
			isa = PBXResourcesBuildPhase;
			buildActionMask = 2147483647;
			files = (
			);
			runOnlyForDeploymentPostprocessing = 0;
		};
		35705F142CA7289C00A23889 /* Resources */ = {
			isa = PBXResourcesBuildPhase;
			buildActionMask = 2147483647;
			files = (
			);
			runOnlyForDeploymentPostprocessing = 0;
		};
/* End PBXResourcesBuildPhase section */

/* Begin PBXSourcesBuildPhase section */
		35705EF82CA7289A00A23889 /* Sources */ = {
			isa = PBXSourcesBuildPhase;
			buildActionMask = 2147483647;
			files = (
			);
			runOnlyForDeploymentPostprocessing = 0;
		};
		35705F082CA7289C00A23889 /* Sources */ = {
			isa = PBXSourcesBuildPhase;
			buildActionMask = 2147483647;
			files = (
			);
			runOnlyForDeploymentPostprocessing = 0;
		};
		35705F122CA7289C00A23889 /* Sources */ = {
			isa = PBXSourcesBuildPhase;
			buildActionMask = 2147483647;
			files = (
			);
			runOnlyForDeploymentPostprocessing = 0;
		};
/* End PBXSourcesBuildPhase section */

/* Begin PBXTargetDependency section */
		35705F0E2CA7289C00A23889 /* PBXTargetDependency */ = {
			isa = PBXTargetDependency;
			target = 35705EFB2CA7289A00A23889 /* MeetRio */;
			targetProxy = 35705F0D2CA7289C00A23889 /* PBXContainerItemProxy */;
		};
		35705F182CA7289C00A23889 /* PBXTargetDependency */ = {
			isa = PBXTargetDependency;
			target = 35705EFB2CA7289A00A23889 /* MeetRio */;
			targetProxy = 35705F172CA7289C00A23889 /* PBXContainerItemProxy */;
		};
/* End PBXTargetDependency section */

/* Begin XCBuildConfiguration section */
		35705F1E2CA7289C00A23889 /* Debug */ = {
			isa = XCBuildConfiguration;
			buildSettings = {
				ALWAYS_SEARCH_USER_PATHS = NO;
				ASSETCATALOG_COMPILER_GENERATE_SWIFT_ASSET_SYMBOL_EXTENSIONS = YES;
				CLANG_ANALYZER_NONNULL = YES;
				CLANG_ANALYZER_NUMBER_OBJECT_CONVERSION = YES_AGGRESSIVE;
				CLANG_CXX_LANGUAGE_STANDARD = "gnu++20";
				CLANG_ENABLE_MODULES = YES;
				CLANG_ENABLE_OBJC_ARC = YES;
				CLANG_ENABLE_OBJC_WEAK = YES;
				CLANG_WARN_BLOCK_CAPTURE_AUTORELEASING = YES;
				CLANG_WARN_BOOL_CONVERSION = YES;
				CLANG_WARN_COMMA = YES;
				CLANG_WARN_CONSTANT_CONVERSION = YES;
				CLANG_WARN_DEPRECATED_OBJC_IMPLEMENTATIONS = YES;
				CLANG_WARN_DIRECT_OBJC_ISA_USAGE = YES_ERROR;
				CLANG_WARN_DOCUMENTATION_COMMENTS = YES;
				CLANG_WARN_EMPTY_BODY = YES;
				CLANG_WARN_ENUM_CONVERSION = YES;
				CLANG_WARN_INFINITE_RECURSION = YES;
				CLANG_WARN_INT_CONVERSION = YES;
				CLANG_WARN_NON_LITERAL_NULL_CONVERSION = YES;
				CLANG_WARN_OBJC_IMPLICIT_RETAIN_SELF = YES;
				CLANG_WARN_OBJC_LITERAL_CONVERSION = YES;
				CLANG_WARN_OBJC_ROOT_CLASS = YES_ERROR;
				CLANG_WARN_QUOTED_INCLUDE_IN_FRAMEWORK_HEADER = YES;
				CLANG_WARN_RANGE_LOOP_ANALYSIS = YES;
				CLANG_WARN_STRICT_PROTOTYPES = YES;
				CLANG_WARN_SUSPICIOUS_MOVE = YES;
				CLANG_WARN_UNGUARDED_AVAILABILITY = YES_AGGRESSIVE;
				CLANG_WARN_UNREACHABLE_CODE = YES;
				CLANG_WARN__DUPLICATE_METHOD_MATCH = YES;
				COPY_PHASE_STRIP = NO;
				DEBUG_INFORMATION_FORMAT = dwarf;
				ENABLE_STRICT_OBJC_MSGSEND = YES;
				ENABLE_TESTABILITY = YES;
				ENABLE_USER_SCRIPT_SANDBOXING = YES;
				GCC_C_LANGUAGE_STANDARD = gnu17;
				GCC_DYNAMIC_NO_PIC = NO;
				GCC_NO_COMMON_BLOCKS = YES;
				GCC_OPTIMIZATION_LEVEL = 0;
				GCC_PREPROCESSOR_DEFINITIONS = (
					"DEBUG=1",
					"$(inherited)",
				);
				GCC_WARN_64_TO_32_BIT_CONVERSION = YES;
				GCC_WARN_ABOUT_RETURN_TYPE = YES_ERROR;
				GCC_WARN_UNDECLARED_SELECTOR = YES;
				GCC_WARN_UNINITIALIZED_AUTOS = YES_AGGRESSIVE;
				GCC_WARN_UNUSED_FUNCTION = YES;
				GCC_WARN_UNUSED_VARIABLE = YES;
				IPHONEOS_DEPLOYMENT_TARGET = 18.0;
				LOCALIZATION_PREFERS_STRING_CATALOGS = YES;
				MTL_ENABLE_DEBUG_INFO = INCLUDE_SOURCE;
				MTL_FAST_MATH = YES;
				ONLY_ACTIVE_ARCH = YES;
				SDKROOT = iphoneos;
				SWIFT_ACTIVE_COMPILATION_CONDITIONS = "DEBUG $(inherited)";
				SWIFT_OPTIMIZATION_LEVEL = "-Onone";
			};
			name = Debug;
		};
		35705F1F2CA7289C00A23889 /* Release */ = {
			isa = XCBuildConfiguration;
			buildSettings = {
				ALWAYS_SEARCH_USER_PATHS = NO;
				ASSETCATALOG_COMPILER_GENERATE_SWIFT_ASSET_SYMBOL_EXTENSIONS = YES;
				CLANG_ANALYZER_NONNULL = YES;
				CLANG_ANALYZER_NUMBER_OBJECT_CONVERSION = YES_AGGRESSIVE;
				CLANG_CXX_LANGUAGE_STANDARD = "gnu++20";
				CLANG_ENABLE_MODULES = YES;
				CLANG_ENABLE_OBJC_ARC = YES;
				CLANG_ENABLE_OBJC_WEAK = YES;
				CLANG_WARN_BLOCK_CAPTURE_AUTORELEASING = YES;
				CLANG_WARN_BOOL_CONVERSION = YES;
				CLANG_WARN_COMMA = YES;
				CLANG_WARN_CONSTANT_CONVERSION = YES;
				CLANG_WARN_DEPRECATED_OBJC_IMPLEMENTATIONS = YES;
				CLANG_WARN_DIRECT_OBJC_ISA_USAGE = YES_ERROR;
				CLANG_WARN_DOCUMENTATION_COMMENTS = YES;
				CLANG_WARN_EMPTY_BODY = YES;
				CLANG_WARN_ENUM_CONVERSION = YES;
				CLANG_WARN_INFINITE_RECURSION = YES;
				CLANG_WARN_INT_CONVERSION = YES;
				CLANG_WARN_NON_LITERAL_NULL_CONVERSION = YES;
				CLANG_WARN_OBJC_IMPLICIT_RETAIN_SELF = YES;
				CLANG_WARN_OBJC_LITERAL_CONVERSION = YES;
				CLANG_WARN_OBJC_ROOT_CLASS = YES_ERROR;
				CLANG_WARN_QUOTED_INCLUDE_IN_FRAMEWORK_HEADER = YES;
				CLANG_WARN_RANGE_LOOP_ANALYSIS = YES;
				CLANG_WARN_STRICT_PROTOTYPES = YES;
				CLANG_WARN_SUSPICIOUS_MOVE = YES;
				CLANG_WARN_UNGUARDED_AVAILABILITY = YES_AGGRESSIVE;
				CLANG_WARN_UNREACHABLE_CODE = YES;
				CLANG_WARN__DUPLICATE_METHOD_MATCH = YES;
				COPY_PHASE_STRIP = NO;
				DEBUG_INFORMATION_FORMAT = "dwarf-with-dsym";
				ENABLE_NS_ASSERTIONS = NO;
				ENABLE_STRICT_OBJC_MSGSEND = YES;
				ENABLE_USER_SCRIPT_SANDBOXING = YES;
				GCC_C_LANGUAGE_STANDARD = gnu17;
				GCC_NO_COMMON_BLOCKS = YES;
				GCC_WARN_64_TO_32_BIT_CONVERSION = YES;
				GCC_WARN_ABOUT_RETURN_TYPE = YES_ERROR;
				GCC_WARN_UNDECLARED_SELECTOR = YES;
				GCC_WARN_UNINITIALIZED_AUTOS = YES_AGGRESSIVE;
				GCC_WARN_UNUSED_FUNCTION = YES;
				GCC_WARN_UNUSED_VARIABLE = YES;
				IPHONEOS_DEPLOYMENT_TARGET = 18.0;
				LOCALIZATION_PREFERS_STRING_CATALOGS = YES;
				MTL_ENABLE_DEBUG_INFO = NO;
				MTL_FAST_MATH = YES;
				SDKROOT = iphoneos;
				SWIFT_COMPILATION_MODE = wholemodule;
				VALIDATE_PRODUCT = YES;
			};
			name = Release;
		};
		35705F212CA7289C00A23889 /* Debug */ = {
			isa = XCBuildConfiguration;
			buildSettings = {
				ASSETCATALOG_COMPILER_APPICON_NAME = AppIcon;
				ASSETCATALOG_COMPILER_GLOBAL_ACCENT_COLOR_NAME = AccentColor;
				CODE_SIGN_STYLE = Automatic;
				CURRENT_PROJECT_VERSION = 1;
				DEVELOPMENT_ASSET_PATHS = "\"MeetRio/Preview Content\"";
				DEVELOPMENT_TEAM = 67AYPRFZH8;
				ENABLE_PREVIEWS = YES;
				GENERATE_INFOPLIST_FILE = YES;
				INFOPLIST_FILE = MeetRio/Info.plist;
				INFOPLIST_KEY_UIApplicationSceneManifest_Generation = YES;
				INFOPLIST_KEY_UIApplicationSupportsIndirectInputEvents = YES;
				INFOPLIST_KEY_UILaunchScreen_Generation = YES;
				INFOPLIST_KEY_UISupportedInterfaceOrientations = UIInterfaceOrientationPortrait;
				INFOPLIST_KEY_UISupportedInterfaceOrientations_iPad = "UIInterfaceOrientationLandscapeLeft UIInterfaceOrientationLandscapeRight UIInterfaceOrientationPortrait UIInterfaceOrientationPortraitUpsideDown";
				INFOPLIST_KEY_UIUserInterfaceStyle = Light;
				IPHONEOS_DEPLOYMENT_TARGET = 17;
				LD_RUNPATH_SEARCH_PATHS = (
					"$(inherited)",
					"@executable_path/Frameworks",
				);
				MARKETING_VERSION = 1.1;
				PRODUCT_BUNDLE_IDENTIFIER = com.felipePeixoto.MeetRio;
				PRODUCT_NAME = "$(TARGET_NAME)";
				SUPPORTED_PLATFORMS = "iphoneos iphonesimulator";
				SUPPORTS_MACCATALYST = NO;
				SUPPORTS_MAC_DESIGNED_FOR_IPHONE_IPAD = NO;
				SUPPORTS_XR_DESIGNED_FOR_IPHONE_IPAD = NO;
				SWIFT_EMIT_LOC_STRINGS = YES;
				SWIFT_VERSION = 5.0;
				TARGETED_DEVICE_FAMILY = 1;
			};
			name = Debug;
		};
		35705F222CA7289C00A23889 /* Release */ = {
			isa = XCBuildConfiguration;
			buildSettings = {
				ASSETCATALOG_COMPILER_APPICON_NAME = AppIcon;
				ASSETCATALOG_COMPILER_GLOBAL_ACCENT_COLOR_NAME = AccentColor;
				CODE_SIGN_STYLE = Automatic;
				CURRENT_PROJECT_VERSION = 1;
				DEVELOPMENT_ASSET_PATHS = "\"MeetRio/Preview Content\"";
				DEVELOPMENT_TEAM = 67AYPRFZH8;
				ENABLE_PREVIEWS = YES;
				GENERATE_INFOPLIST_FILE = YES;
				INFOPLIST_FILE = MeetRio/Info.plist;
				INFOPLIST_KEY_UIApplicationSceneManifest_Generation = YES;
				INFOPLIST_KEY_UIApplicationSupportsIndirectInputEvents = YES;
				INFOPLIST_KEY_UILaunchScreen_Generation = YES;
				INFOPLIST_KEY_UISupportedInterfaceOrientations = UIInterfaceOrientationPortrait;
				INFOPLIST_KEY_UISupportedInterfaceOrientations_iPad = "UIInterfaceOrientationLandscapeLeft UIInterfaceOrientationLandscapeRight UIInterfaceOrientationPortrait UIInterfaceOrientationPortraitUpsideDown";
				INFOPLIST_KEY_UIUserInterfaceStyle = Light;
				IPHONEOS_DEPLOYMENT_TARGET = 17;
				LD_RUNPATH_SEARCH_PATHS = (
					"$(inherited)",
					"@executable_path/Frameworks",
				);
				MARKETING_VERSION = 1.1;
				PRODUCT_BUNDLE_IDENTIFIER = com.felipePeixoto.MeetRio;
				PRODUCT_NAME = "$(TARGET_NAME)";
				SUPPORTED_PLATFORMS = "iphoneos iphonesimulator";
				SUPPORTS_MACCATALYST = NO;
				SUPPORTS_MAC_DESIGNED_FOR_IPHONE_IPAD = NO;
				SUPPORTS_XR_DESIGNED_FOR_IPHONE_IPAD = NO;
				SWIFT_EMIT_LOC_STRINGS = YES;
				SWIFT_VERSION = 5.0;
				TARGETED_DEVICE_FAMILY = 1;
			};
			name = Release;
		};
		35705F242CA7289C00A23889 /* Debug */ = {
			isa = XCBuildConfiguration;
			buildSettings = {
				BUNDLE_LOADER = "$(TEST_HOST)";
				CODE_SIGN_STYLE = Automatic;
				CURRENT_PROJECT_VERSION = 1;
				DEVELOPMENT_TEAM = 67AYPRFZH8;
				GENERATE_INFOPLIST_FILE = YES;
				IPHONEOS_DEPLOYMENT_TARGET = 18.0;
				MARKETING_VERSION = 1.0;
				PRODUCT_BUNDLE_IDENTIFIER = felipePeixoto.MeetRioTests;
				PRODUCT_NAME = "$(TARGET_NAME)";
				SWIFT_EMIT_LOC_STRINGS = NO;
				SWIFT_VERSION = 5.0;
				TARGETED_DEVICE_FAMILY = "1,2";
				TEST_HOST = "$(BUILT_PRODUCTS_DIR)/MeetRio.app/$(BUNDLE_EXECUTABLE_FOLDER_PATH)/MeetRio";
			};
			name = Debug;
		};
		35705F252CA7289C00A23889 /* Release */ = {
			isa = XCBuildConfiguration;
			buildSettings = {
				BUNDLE_LOADER = "$(TEST_HOST)";
				CODE_SIGN_STYLE = Automatic;
				CURRENT_PROJECT_VERSION = 1;
				DEVELOPMENT_TEAM = 67AYPRFZH8;
				GENERATE_INFOPLIST_FILE = YES;
				IPHONEOS_DEPLOYMENT_TARGET = 18.0;
				MARKETING_VERSION = 1.0;
				PRODUCT_BUNDLE_IDENTIFIER = felipePeixoto.MeetRioTests;
				PRODUCT_NAME = "$(TARGET_NAME)";
				SWIFT_EMIT_LOC_STRINGS = NO;
				SWIFT_VERSION = 5.0;
				TARGETED_DEVICE_FAMILY = "1,2";
				TEST_HOST = "$(BUILT_PRODUCTS_DIR)/MeetRio.app/$(BUNDLE_EXECUTABLE_FOLDER_PATH)/MeetRio";
			};
			name = Release;
		};
		35705F272CA7289C00A23889 /* Debug */ = {
			isa = XCBuildConfiguration;
			buildSettings = {
				CODE_SIGN_STYLE = Automatic;
				CURRENT_PROJECT_VERSION = 1;
				DEVELOPMENT_TEAM = 67AYPRFZH8;
				GENERATE_INFOPLIST_FILE = YES;
				MARKETING_VERSION = 1.0;
				PRODUCT_BUNDLE_IDENTIFIER = felipePeixoto.MeetRioUITests;
				PRODUCT_NAME = "$(TARGET_NAME)";
				SWIFT_EMIT_LOC_STRINGS = NO;
				SWIFT_VERSION = 5.0;
				TARGETED_DEVICE_FAMILY = "1,2";
				TEST_TARGET_NAME = MeetRio;
			};
			name = Debug;
		};
		35705F282CA7289C00A23889 /* Release */ = {
			isa = XCBuildConfiguration;
			buildSettings = {
				CODE_SIGN_STYLE = Automatic;
				CURRENT_PROJECT_VERSION = 1;
				DEVELOPMENT_TEAM = 67AYPRFZH8;
				GENERATE_INFOPLIST_FILE = YES;
				MARKETING_VERSION = 1.0;
				PRODUCT_BUNDLE_IDENTIFIER = felipePeixoto.MeetRioUITests;
				PRODUCT_NAME = "$(TARGET_NAME)";
				SWIFT_EMIT_LOC_STRINGS = NO;
				SWIFT_VERSION = 5.0;
				TARGETED_DEVICE_FAMILY = "1,2";
				TEST_TARGET_NAME = MeetRio;
			};
			name = Release;
		};
/* End XCBuildConfiguration section */

/* Begin XCConfigurationList section */
		35705EF72CA7289A00A23889 /* Build configuration list for PBXProject "MeetRio" */ = {
			isa = XCConfigurationList;
			buildConfigurations = (
				35705F1E2CA7289C00A23889 /* Debug */,
				35705F1F2CA7289C00A23889 /* Release */,
			);
			defaultConfigurationIsVisible = 0;
			defaultConfigurationName = Release;
		};
		35705F202CA7289C00A23889 /* Build configuration list for PBXNativeTarget "MeetRio" */ = {
			isa = XCConfigurationList;
			buildConfigurations = (
				35705F212CA7289C00A23889 /* Debug */,
				35705F222CA7289C00A23889 /* Release */,
			);
			defaultConfigurationIsVisible = 0;
			defaultConfigurationName = Release;
		};
		35705F232CA7289C00A23889 /* Build configuration list for PBXNativeTarget "MeetRioTests" */ = {
			isa = XCConfigurationList;
			buildConfigurations = (
				35705F242CA7289C00A23889 /* Debug */,
				35705F252CA7289C00A23889 /* Release */,
			);
			defaultConfigurationIsVisible = 0;
			defaultConfigurationName = Release;
		};
		35705F262CA7289C00A23889 /* Build configuration list for PBXNativeTarget "MeetRioUITests" */ = {
			isa = XCConfigurationList;
			buildConfigurations = (
				35705F272CA7289C00A23889 /* Debug */,
				35705F282CA7289C00A23889 /* Release */,
			);
			defaultConfigurationIsVisible = 0;
			defaultConfigurationName = Release;
		};
/* End XCConfigurationList section */

/* Begin XCRemoteSwiftPackageReference section */
		35705F992CA7291300A23889 /* XCRemoteSwiftPackageReference "posthog-ios" */ = {
			isa = XCRemoteSwiftPackageReference;
			repositoryURL = "https://github.com/PostHog/posthog-ios";
			requirement = {
				kind = upToNextMajorVersion;
				minimumVersion = 3.12.5;
			};
		};
		35705F9C2CA7292C00A23889 /* XCRemoteSwiftPackageReference "GoogleSignIn-iOS" */ = {
			isa = XCRemoteSwiftPackageReference;
			repositoryURL = "https://github.com/google/GoogleSignIn-iOS.git";
			requirement = {
				kind = upToNextMajorVersion;
				minimumVersion = 8.0.0;
			};
		};
		35705FA12CA7296B00A23889 /* XCRemoteSwiftPackageReference "firebase-ios-sdk" */ = {
			isa = XCRemoteSwiftPackageReference;
			repositoryURL = "https://github.com/firebase/firebase-ios-sdk";
			requirement = {
				kind = upToNextMajorVersion;
				minimumVersion = 11.2.0;
			};
		};
		35C634DC2CD553AB00E9E0D9 /* XCRemoteSwiftPackageReference "CodableExtensions" */ = {
			isa = XCRemoteSwiftPackageReference;
			repositoryURL = "https://github.com/rvenieris/CodableExtensions";
			requirement = {
				kind = upToNextMajorVersion;
				minimumVersion = 1.0.0;
			};
		};
		63FC70222CADFD7000989F18 /* XCRemoteSwiftPackageReference "swiftui-cached-async-image" */ = {
			isa = XCRemoteSwiftPackageReference;
			repositoryURL = "https://github.com/lorenzofiamingo/swiftui-cached-async-image.git";
			requirement = {
				kind = upToNextMajorVersion;
				minimumVersion = 2.1.1;
			};
		};
/* End XCRemoteSwiftPackageReference section */

/* Begin XCSwiftPackageProductDependency section */
		35705F9A2CA7291300A23889 /* PostHog */ = {
			isa = XCSwiftPackageProductDependency;
			package = 35705F992CA7291300A23889 /* XCRemoteSwiftPackageReference "posthog-ios" */;
			productName = PostHog;
		};
		35705F9D2CA7292C00A23889 /* GoogleSignIn */ = {
			isa = XCSwiftPackageProductDependency;
			package = 35705F9C2CA7292C00A23889 /* XCRemoteSwiftPackageReference "GoogleSignIn-iOS" */;
			productName = GoogleSignIn;
		};
		35705F9F2CA7292C00A23889 /* GoogleSignInSwift */ = {
			isa = XCSwiftPackageProductDependency;
			package = 35705F9C2CA7292C00A23889 /* XCRemoteSwiftPackageReference "GoogleSignIn-iOS" */;
			productName = GoogleSignInSwift;
		};
		35705FA22CA7296B00A23889 /* FirebaseAnalytics */ = {
			isa = XCSwiftPackageProductDependency;
			package = 35705FA12CA7296B00A23889 /* XCRemoteSwiftPackageReference "firebase-ios-sdk" */;
			productName = FirebaseAnalytics;
		};
		35705FA42CA7296C00A23889 /* FirebaseAuth */ = {
			isa = XCSwiftPackageProductDependency;
			package = 35705FA12CA7296B00A23889 /* XCRemoteSwiftPackageReference "firebase-ios-sdk" */;
			productName = FirebaseAuth;
		};
		35705FA62CA7296C00A23889 /* FirebaseFirestore */ = {
			isa = XCSwiftPackageProductDependency;
			package = 35705FA12CA7296B00A23889 /* XCRemoteSwiftPackageReference "firebase-ios-sdk" */;
			productName = FirebaseFirestore;
		};
		35C53AF02CBB7B2900D760AC /* FirebaseStorage */ = {
			isa = XCSwiftPackageProductDependency;
			package = 35705FA12CA7296B00A23889 /* XCRemoteSwiftPackageReference "firebase-ios-sdk" */;
			productName = FirebaseStorage;
		};
		35C634DD2CD553AB00E9E0D9 /* CodableExtensions */ = {
			isa = XCSwiftPackageProductDependency;
			package = 35C634DC2CD553AB00E9E0D9 /* XCRemoteSwiftPackageReference "CodableExtensions" */;
			productName = CodableExtensions;
		};
		63FC70232CADFD7000989F18 /* CachedAsyncImage */ = {
			isa = XCSwiftPackageProductDependency;
			package = 63FC70222CADFD7000989F18 /* XCRemoteSwiftPackageReference "swiftui-cached-async-image" */;
			productName = CachedAsyncImage;
		};
/* End XCSwiftPackageProductDependency section */
	};
	rootObject = 35705EF42CA7289A00A23889 /* Project object */;
}
